{
    "_readme": [
        "This file locks the dependencies of your project to a known state",
        "Read more about it at https://getcomposer.org/doc/01-basic-usage.md#installing-dependencies",
        "This file is @generated automatically"
    ],
    "content-hash": "1b210185ffc1760c6fd899d4fc5a3272",
    "packages": [],
    "packages-dev": [],
    "aliases": [],
    "minimum-stability": "dev",
    "stability-flags": {},
    "prefer-stable": true,
    "prefer-lowest": false,
    "platform": {
        "php": ">=5.4 <8.0",
        "ext-simplexml": "*",
        "ext-curl": "*",
        "ext-gd": "*",
        "ext-zip": "*",
        "ext-soap": "*"
    },
    "platform-dev": {},
    "plugin-api-version": "2.6.0"
}
